// !$*UTF8*$!
{
	archiveVersion = 1;
	classes = {
	};
	objectVersion = 46;
	objects = {

/* Begin PBXBuildFile section */
		09C6B925204A0F54007EAC26 /* UIKit.framework in Frameworks */ = {isa = PBXBuildFile; fileRef = 09C6B924204A0F54007EAC26 /* UIKit.framework */; };
		09C6B927204A0F54007EAC26 /* Foundation.framework in Frameworks */ = {isa = PBXBuildFile; fileRef = 09C6B926204A0F54007EAC26 /* Foundation.framework */; };
		09C6B929204A0F54007EAC26 /* CoreGraphics.framework in Frameworks */ = {isa = PBXBuildFile; fileRef = 09C6B928204A0F54007EAC26 /* CoreGraphics.framework */; };
		09C6B92F204A0F54007EAC26 /* InfoPlist.strings in Resources */ = {isa = PBXBuildFile; fileRef = 09C6B92D204A0F54007EAC26 /* InfoPlist.strings */; };
		09C6B931204A0F54007EAC26 /* main.m in Sources */ = {isa = PBXBuildFile; fileRef = 09C6B930204A0F54007EAC26 /* main.m */; };
		09C6B935204A0F54007EAC26 /* DCAppDelegate.m in Sources */ = {isa = PBXBuildFile; fileRef = 09C6B934204A0F54007EAC26 /* DCAppDelegate.m */; };
		09C6B938204A0F54007EAC26 /* MainStoryboard_iPhone.storyboard in Resources */ = {isa = PBXBuildFile; fileRef = 09C6B936204A0F54007EAC26 /* MainStoryboard_iPhone.storyboard */; };
		09C6B93B204A0F54007EAC26 /* MainStoryboard_iPad.storyboard in Resources */ = {isa = PBXBuildFile; fileRef = 09C6B939204A0F54007EAC26 /* MainStoryboard_iPad.storyboard */; };
		09C6B93E204A0F54007EAC26 /* DCViewController.m in Sources */ = {isa = PBXBuildFile; fileRef = 09C6B93D204A0F54007EAC26 /* DCViewController.m */; };
		09C6B946204A0F55007EAC26 /* SenTestingKit.framework in Frameworks */ = {isa = PBXBuildFile; fileRef = 09C6B945204A0F55007EAC26 /* SenTestingKit.framework */; };
		09C6B947204A0F55007EAC26 /* UIKit.framework in Frameworks */ = {isa = PBXBuildFile; fileRef = 09C6B924204A0F54007EAC26 /* UIKit.framework */; };
		09C6B948204A0F55007EAC26 /* Foundation.framework in Frameworks */ = {isa = PBXBuildFile; fileRef = 09C6B926204A0F54007EAC26 /* Foundation.framework */; };
		09C6B950204A0F55007EAC26 /* InfoPlist.strings in Resources */ = {isa = PBXBuildFile; fileRef = 09C6B94E204A0F55007EAC26 /* InfoPlist.strings */; };
		09C6B953204A0F55007EAC26 /* Discord_ClassicTests.m in Sources */ = {isa = PBXBuildFile; fileRef = 09C6B952204A0F55007EAC26 /* Discord_ClassicTests.m */; };
/* End PBXBuildFile section */

/* Begin PBXContainerItemProxy section */
		09C6B949204A0F55007EAC26 /* PBXContainerItemProxy */ = {
			isa = PBXContainerItemProxy;
			containerPortal = 09C6B917204A0F54007EAC26 /* Project object */;
			proxyType = 1;
			remoteGlobalIDString = 09C6B91F204A0F54007EAC26;
			remoteInfo = "Discord Classic";
		};
/* End PBXContainerItemProxy section */

/* Begin PBXFileReference section */
		09C6B920204A0F54007EAC26 /* Discord Classic.app */ = {isa = PBXFileReference; explicitFileType = wrapper.application; includeInIndex = 0; path = "Discord Classic.app"; sourceTree = BUILT_PRODUCTS_DIR; };
		09C6B924204A0F54007EAC26 /* UIKit.framework */ = {isa = PBXFileReference; lastKnownFileType = wrapper.framework; name = UIKit.framework; path = System/Library/Frameworks/UIKit.framework; sourceTree = SDKROOT; };
		09C6B926204A0F54007EAC26 /* Foundation.framework */ = {isa = PBXFileReference; lastKnownFileType = wrapper.framework; name = Foundation.framework; path = System/Library/Frameworks/Foundation.framework; sourceTree = SDKROOT; };
		09C6B928204A0F54007EAC26 /* CoreGraphics.framework */ = {isa = PBXFileReference; lastKnownFileType = wrapper.framework; name = CoreGraphics.framework; path = System/Library/Frameworks/CoreGraphics.framework; sourceTree = SDKROOT; };
		09C6B92C204A0F54007EAC26 /* Discord Classic-Info.plist */ = {isa = PBXFileReference; lastKnownFileType = text.plist.xml; path = "Discord Classic-Info.plist"; sourceTree = "<group>"; };
		09C6B92E204A0F54007EAC26 /* en */ = {isa = PBXFileReference; lastKnownFileType = text.plist.strings; name = en; path = en.lproj/InfoPlist.strings; sourceTree = "<group>"; };
		09C6B930204A0F54007EAC26 /* main.m */ = {isa = PBXFileReference; lastKnownFileType = sourcecode.c.objc; path = main.m; sourceTree = "<group>"; };
		09C6B932204A0F54007EAC26 /* Discord Classic-Prefix.pch */ = {isa = PBXFileReference; lastKnownFileType = sourcecode.c.h; path = "Discord Classic-Prefix.pch"; sourceTree = "<group>"; };
		09C6B933204A0F54007EAC26 /* DCAppDelegate.h */ = {isa = PBXFileReference; lastKnownFileType = sourcecode.c.h; path = DCAppDelegate.h; sourceTree = "<group>"; };
		09C6B934204A0F54007EAC26 /* DCAppDelegate.m */ = {isa = PBXFileReference; lastKnownFileType = sourcecode.c.objc; path = DCAppDelegate.m; sourceTree = "<group>"; };
		09C6B937204A0F54007EAC26 /* en */ = {isa = PBXFileReference; lastKnownFileType = file.storyboard; name = en; path = en.lproj/MainStoryboard_iPhone.storyboard; sourceTree = "<group>"; };
		09C6B93A204A0F54007EAC26 /* en */ = {isa = PBXFileReference; lastKnownFileType = file.storyboard; name = en; path = en.lproj/MainStoryboard_iPad.storyboard; sourceTree = "<group>"; };
		09C6B93C204A0F54007EAC26 /* DCViewController.h */ = {isa = PBXFileReference; lastKnownFileType = sourcecode.c.h; path = DCViewController.h; sourceTree = "<group>"; };
		09C6B93D204A0F54007EAC26 /* DCViewController.m */ = {isa = PBXFileReference; lastKnownFileType = sourcecode.c.objc; path = DCViewController.m; sourceTree = "<group>"; };
		09C6B944204A0F55007EAC26 /* Discord ClassicTests.octest */ = {isa = PBXFileReference; explicitFileType = wrapper.cfbundle; includeInIndex = 0; path = "Discord ClassicTests.octest"; sourceTree = BUILT_PRODUCTS_DIR; };
		09C6B945204A0F55007EAC26 /* SenTestingKit.framework */ = {isa = PBXFileReference; lastKnownFileType = wrapper.framework; name = SenTestingKit.framework; path = Library/Frameworks/SenTestingKit.framework; sourceTree = DEVELOPER_DIR; };
		09C6B94D204A0F55007EAC26 /* Discord ClassicTests-Info.plist */ = {isa = PBXFileReference; lastKnownFileType = text.plist.xml; path = "Discord ClassicTests-Info.plist"; sourceTree = "<group>"; };
		09C6B94F204A0F55007EAC26 /* en */ = {isa = PBXFileReference; lastKnownFileType = text.plist.strings; name = en; path = en.lproj/InfoPlist.strings; sourceTree = "<group>"; };
		09C6B951204A0F55007EAC26 /* Discord_ClassicTests.h */ = {isa = PBXFileReference; lastKnownFileType = sourcecode.c.h; path = Discord_ClassicTests.h; sourceTree = "<group>"; };
		09C6B952204A0F55007EAC26 /* Discord_ClassicTests.m */ = {isa = PBXFileReference; lastKnownFileType = sourcecode.c.objc; path = Discord_ClassicTests.m; sourceTree = "<group>"; };
/* End PBXFileReference section */

/* Begin PBXFrameworksBuildPhase section */
		09C6B91D204A0F54007EAC26 /* Frameworks */ = {
			isa = PBXFrameworksBuildPhase;
			buildActionMask = 2147483647;
			files = (
				09C6B925204A0F54007EAC26 /* UIKit.framework in Frameworks */,
				09C6B927204A0F54007EAC26 /* Foundation.framework in Frameworks */,
				09C6B929204A0F54007EAC26 /* CoreGraphics.framework in Frameworks */,
			);
			runOnlyForDeploymentPostprocessing = 0;
		};
		09C6B940204A0F55007EAC26 /* Frameworks */ = {
			isa = PBXFrameworksBuildPhase;
			buildActionMask = 2147483647;
			files = (
				09C6B946204A0F55007EAC26 /* SenTestingKit.framework in Frameworks */,
				09C6B947204A0F55007EAC26 /* UIKit.framework in Frameworks */,
				09C6B948204A0F55007EAC26 /* Foundation.framework in Frameworks */,
			);
			runOnlyForDeploymentPostprocessing = 0;
		};
/* End PBXFrameworksBuildPhase section */

/* Begin PBXGroup section */
		09C6B915204A0F54007EAC26 = {
			isa = PBXGroup;
			children = (
				09C6B92A204A0F54007EAC26 /* Discord Classic */,
				09C6B94B204A0F55007EAC26 /* Discord ClassicTests */,
				09C6B923204A0F54007EAC26 /* Frameworks */,
				09C6B921204A0F54007EAC26 /* Products */,
			);
			sourceTree = "<group>";
		};
		09C6B921204A0F54007EAC26 /* Products */ = {
			isa = PBXGroup;
			children = (
				09C6B920204A0F54007EAC26 /* Discord Classic.app */,
				09C6B944204A0F55007EAC26 /* Discord ClassicTests.octest */,
			);
			name = Products;
			sourceTree = "<group>";
		};
		09C6B923204A0F54007EAC26 /* Frameworks */ = {
			isa = PBXGroup;
			children = (
				09C6B924204A0F54007EAC26 /* UIKit.framework */,
				09C6B926204A0F54007EAC26 /* Foundation.framework */,
				09C6B928204A0F54007EAC26 /* CoreGraphics.framework */,
				09C6B945204A0F55007EAC26 /* SenTestingKit.framework */,
			);
			name = Frameworks;
			sourceTree = "<group>";
		};
		09C6B92A204A0F54007EAC26 /* Discord Classic */ = {
			isa = PBXGroup;
			children = (
				09C6B933204A0F54007EAC26 /* DCAppDelegate.h */,
				09C6B934204A0F54007EAC26 /* DCAppDelegate.m */,
				09C6B936204A0F54007EAC26 /* MainStoryboard_iPhone.storyboard */,
				09C6B939204A0F54007EAC26 /* MainStoryboard_iPad.storyboard */,
				09C6B93C204A0F54007EAC26 /* DCViewController.h */,
				09C6B93D204A0F54007EAC26 /* DCViewController.m */,
				09C6B92B204A0F54007EAC26 /* Supporting Files */,
			);
			path = "Discord Classic";
			sourceTree = "<group>";
		};
		09C6B92B204A0F54007EAC26 /* Supporting Files */ = {
			isa = PBXGroup;
			children = (
				09C6B92C204A0F54007EAC26 /* Discord Classic-Info.plist */,
				09C6B92D204A0F54007EAC26 /* InfoPlist.strings */,
				09C6B930204A0F54007EAC26 /* main.m */,
				09C6B932204A0F54007EAC26 /* Discord Classic-Prefix.pch */,
			);
			name = "Supporting Files";
			sourceTree = "<group>";
		};
		09C6B94B204A0F55007EAC26 /* Discord ClassicTests */ = {
			isa = PBXGroup;
			children = (
				09C6B951204A0F55007EAC26 /* Discord_ClassicTests.h */,
				09C6B952204A0F55007EAC26 /* Discord_ClassicTests.m */,
				09C6B94C204A0F55007EAC26 /* Supporting Files */,
			);
			path = "Discord ClassicTests";
			sourceTree = "<group>";
		};
		09C6B94C204A0F55007EAC26 /* Supporting Files */ = {
			isa = PBXGroup;
			children = (
				09C6B94D204A0F55007EAC26 /* Discord ClassicTests-Info.plist */,
				09C6B94E204A0F55007EAC26 /* InfoPlist.strings */,
			);
			name = "Supporting Files";
			sourceTree = "<group>";
		};
/* End PBXGroup section */

/* Begin PBXNativeTarget section */
		09C6B91F204A0F54007EAC26 /* Discord Classic */ = {
			isa = PBXNativeTarget;
			buildConfigurationList = 09C6B956204A0F55007EAC26 /* Build configuration list for PBXNativeTarget "Discord Classic" */;
			buildPhases = (
				09C6B91C204A0F54007EAC26 /* Sources */,
				09C6B91D204A0F54007EAC26 /* Frameworks */,
				09C6B91E204A0F54007EAC26 /* Resources */,
			);
			buildRules = (
			);
			dependencies = (
			);
			name = "Discord Classic";
			productName = "Discord Classic";
			productReference = 09C6B920204A0F54007EAC26 /* Discord Classic.app */;
			productType = "com.apple.product-type.application";
		};
		09C6B943204A0F55007EAC26 /* Discord ClassicTests */ = {
			isa = PBXNativeTarget;
			buildConfigurationList = 09C6B959204A0F55007EAC26 /* Build configuration list for PBXNativeTarget "Discord ClassicTests" */;
			buildPhases = (
				09C6B93F204A0F55007EAC26 /* Sources */,
				09C6B940204A0F55007EAC26 /* Frameworks */,
				09C6B941204A0F55007EAC26 /* Resources */,
				09C6B942204A0F55007EAC26 /* ShellScript */,
			);
			buildRules = (
			);
			dependencies = (
				09C6B94A204A0F55007EAC26 /* PBXTargetDependency */,
			);
			name = "Discord ClassicTests";
			productName = "Discord ClassicTests";
			productReference = 09C6B944204A0F55007EAC26 /* Discord ClassicTests.octest */;
			productType = "com.apple.product-type.bundle";
		};
/* End PBXNativeTarget section */

/* Begin PBXProject section */
		09C6B917204A0F54007EAC26 /* Project object */ = {
			isa = PBXProject;
			attributes = {
				CLASSPREFIX = DC;
				LastUpgradeCheck = 0440;
				ORGANIZATIONNAME = "Julian Triveri";
			};
			buildConfigurationList = 09C6B91A204A0F54007EAC26 /* Build configuration list for PBXProject "Discord Classic" */;
			compatibilityVersion = "Xcode 3.2";
			developmentRegion = English;
			hasScannedForEncodings = 0;
			knownRegions = (
				en,
			);
			mainGroup = 09C6B915204A0F54007EAC26;
			productRefGroup = 09C6B921204A0F54007EAC26 /* Products */;
			projectDirPath = "";
			projectRoot = "";
			targets = (
				09C6B91F204A0F54007EAC26 /* Discord Classic */,
				09C6B943204A0F55007EAC26 /* Discord ClassicTests */,
			);
		};
/* End PBXProject section */

/* Begin PBXResourcesBuildPhase section */
		09C6B91E204A0F54007EAC26 /* Resources */ = {
			isa = PBXResourcesBuildPhase;
			buildActionMask = 2147483647;
			files = (
				09C6B92F204A0F54007EAC26 /* InfoPlist.strings in Resources */,
				09C6B938204A0F54007EAC26 /* MainStoryboard_iPhone.storyboard in Resources */,
				09C6B93B204A0F54007EAC26 /* MainStoryboard_iPad.storyboard in Resources */,
			);
			runOnlyForDeploymentPostprocessing = 0;
		};
		09C6B941204A0F55007EAC26 /* Resources */ = {
			isa = PBXResourcesBuildPhase;
			buildActionMask = 2147483647;
			files = (
				09C6B950204A0F55007EAC26 /* InfoPlist.strings in Resources */,
			);
			runOnlyForDeploymentPostprocessing = 0;
		};
/* End PBXResourcesBuildPhase section */

/* Begin PBXShellScriptBuildPhase section */
		09C6B942204A0F55007EAC26 /* ShellScript */ = {
			isa = PBXShellScriptBuildPhase;
			buildActionMask = 2147483647;
			files = (
			);
			inputPaths = (
			);
			outputPaths = (
			);
			runOnlyForDeploymentPostprocessing = 0;
			shellPath = /bin/sh;
			shellScript = "# Run the unit tests in this test bundle.\n\"${SYSTEM_DEVELOPER_DIR}/Tools/RunUnitTests\"\n";
		};
/* End PBXShellScriptBuildPhase section */

/* Begin PBXSourcesBuildPhase section */
		09C6B91C204A0F54007EAC26 /* Sources */ = {
			isa = PBXSourcesBuildPhase;
			buildActionMask = 2147483647;
			files = (
				09C6B931204A0F54007EAC26 /* main.m in Sources */,
				09C6B935204A0F54007EAC26 /* DCAppDelegate.m in Sources */,
				09C6B93E204A0F54007EAC26 /* DCViewController.m in Sources */,
			);
			runOnlyForDeploymentPostprocessing = 0;
		};
		09C6B93F204A0F55007EAC26 /* Sources */ = {
			isa = PBXSourcesBuildPhase;
			buildActionMask = 2147483647;
			files = (
				09C6B953204A0F55007EAC26 /* Discord_ClassicTests.m in Sources */,
			);
			runOnlyForDeploymentPostprocessing = 0;
		};
/* End PBXSourcesBuildPhase section */

/* Begin PBXTargetDependency section */
		09C6B94A204A0F55007EAC26 /* PBXTargetDependency */ = {
			isa = PBXTargetDependency;
			target = 09C6B91F204A0F54007EAC26 /* Discord Classic */;
			targetProxy = 09C6B949204A0F55007EAC26 /* PBXContainerItemProxy */;
		};
/* End PBXTargetDependency section */

/* Begin PBXVariantGroup section */
		09C6B92D204A0F54007EAC26 /* InfoPlist.strings */ = {
			isa = PBXVariantGroup;
			children = (
				09C6B92E204A0F54007EAC26 /* en */,
			);
			name = InfoPlist.strings;
			sourceTree = "<group>";
		};
		09C6B936204A0F54007EAC26 /* MainStoryboard_iPhone.storyboard */ = {
			isa = PBXVariantGroup;
			children = (
				09C6B937204A0F54007EAC26 /* en */,
			);
			name = MainStoryboard_iPhone.storyboard;
			sourceTree = "<group>";
		};
		09C6B939204A0F54007EAC26 /* MainStoryboard_iPad.storyboard */ = {
			isa = PBXVariantGroup;
			children = (
				09C6B93A204A0F54007EAC26 /* en */,
			);
			name = MainStoryboard_iPad.storyboard;
			sourceTree = "<group>";
		};
		09C6B94E204A0F55007EAC26 /* InfoPlist.strings */ = {
			isa = PBXVariantGroup;
			children = (
				09C6B94F204A0F55007EAC26 /* en */,
			);
			name = InfoPlist.strings;
			sourceTree = "<group>";
		};
/* End PBXVariantGroup section */

/* Begin XCBuildConfiguration section */
		09C6B954204A0F55007EAC26 /* Debug */ = {
			isa = XCBuildConfiguration;
			buildSettings = {
				ALWAYS_SEARCH_USER_PATHS = NO;
				ARCHS = "$(ARCHS_STANDARD_32_BIT)";
				CLANG_CXX_LANGUAGE_STANDARD = "gnu++0x";
				CLANG_ENABLE_OBJC_ARC = YES;
				CLANG_WARN__DUPLICATE_METHOD_MATCH = YES;
				"CODE_SIGN_IDENTITY[sdk=iphoneos*]" = "iPhone Developer";
				COPY_PHASE_STRIP = NO;
				GCC_C_LANGUAGE_STANDARD = gnu99;
				GCC_DYNAMIC_NO_PIC = NO;
				GCC_OPTIMIZATION_LEVEL = 0;
				GCC_PREPROCESSOR_DEFINITIONS = (
					"DEBUG=1",
					"$(inherited)",
				);
				GCC_SYMBOLS_PRIVATE_EXTERN = NO;
				GCC_VERSION = com.apple.compilers.llvm.clang.1_0;
				GCC_WARN_ABOUT_RETURN_TYPE = YES;
				GCC_WARN_UNINITIALIZED_AUTOS = YES;
				GCC_WARN_UNUSED_VARIABLE = YES;
				IPHONEOS_DEPLOYMENT_TARGET = 5.1;
				SDKROOT = iphoneos;
				TARGETED_DEVICE_FAMILY = "1,2";
			};
			name = Debug;
		};
		09C6B955204A0F55007EAC26 /* Release */ = {
			isa = XCBuildConfiguration;
			buildSettings = {
				ALWAYS_SEARCH_USER_PATHS = NO;
				ARCHS = "$(ARCHS_STANDARD_32_BIT)";
				CLANG_CXX_LANGUAGE_STANDARD = "gnu++0x";
				CLANG_ENABLE_OBJC_ARC = YES;
				CLANG_WARN__DUPLICATE_METHOD_MATCH = YES;
				"CODE_SIGN_IDENTITY[sdk=iphoneos*]" = "iPhone Developer";
				COPY_PHASE_STRIP = YES;
				GCC_C_LANGUAGE_STANDARD = gnu99;
				GCC_VERSION = com.apple.compilers.llvm.clang.1_0;
				GCC_WARN_ABOUT_RETURN_TYPE = YES;
				GCC_WARN_UNINITIALIZED_AUTOS = YES;
				GCC_WARN_UNUSED_VARIABLE = YES;
				IPHONEOS_DEPLOYMENT_TARGET = 5.1;
				OTHER_CFLAGS = "-DNS_BLOCK_ASSERTIONS=1";
				SDKROOT = iphoneos;
				TARGETED_DEVICE_FAMILY = "1,2";
				VALIDATE_PRODUCT = YES;
			};
			name = Release;
		};
		09C6B957204A0F55007EAC26 /* Debug */ = {
			isa = XCBuildConfiguration;
			buildSettings = {
				GCC_PRECOMPILE_PREFIX_HEADER = YES;
				GCC_PREFIX_HEADER = "Discord Classic/Discord Classic-Prefix.pch";
				INFOPLIST_FILE = "Discord Classic/Discord Classic-Info.plist";
				PRODUCT_NAME = "$(TARGET_NAME)";
				WRAPPER_EXTENSION = app;
			};
			name = Debug;
		};
		09C6B958204A0F55007EAC26 /* Release */ = {
			isa = XCBuildConfiguration;
			buildSettings = {
				GCC_PRECOMPILE_PREFIX_HEADER = YES;
				GCC_PREFIX_HEADER = "Discord Classic/Discord Classic-Prefix.pch";
				INFOPLIST_FILE = "Discord Classic/Discord Classic-Info.plist";
				PRODUCT_NAME = "$(TARGET_NAME)";
				WRAPPER_EXTENSION = app;
			};
			name = Release;
		};
		09C6B95A204A0F55007EAC26 /* Debug */ = {
			isa = XCBuildConfiguration;
			buildSettings = {
				BUNDLE_LOADER = "$(BUILT_PRODUCTS_DIR)/Discord Classic.app/Discord Classic";
				FRAMEWORK_SEARCH_PATHS = (
					"\"$(SDKROOT)/Developer/Library/Frameworks\"",
					"\"$(DEVELOPER_LIBRARY_DIR)/Frameworks\"",
				);
				GCC_PRECOMPILE_PREFIX_HEADER = YES;
				GCC_PREFIX_HEADER = "Discord Classic/Discord Classic-Prefix.pch";
				INFOPLIST_FILE = "Discord ClassicTests/Discord ClassicTests-Info.plist";
				PRODUCT_NAME = "$(TARGET_NAME)";
				TEST_HOST = "$(BUNDLE_LOADER)";
				WRAPPER_EXTENSION = octest;
			};
			name = Debug;
		};
		09C6B95B204A0F55007EAC26 /* Release */ = {
			isa = XCBuildConfiguration;
			buildSettings = {
				BUNDLE_LOADER = "$(BUILT_PRODUCTS_DIR)/Discord Classic.app/Discord Classic";
				FRAMEWORK_SEARCH_PATHS = (
					"\"$(SDKROOT)/Developer/Library/Frameworks\"",
					"\"$(DEVELOPER_LIBRARY_DIR)/Frameworks\"",
				);
				GCC_PRECOMPILE_PREFIX_HEADER = YES;
				GCC_PREFIX_HEADER = "Discord Classic/Discord Classic-Prefix.pch";
				INFOPLIST_FILE = "Discord ClassicTests/Discord ClassicTests-Info.plist";
				PRODUCT_NAME = "$(TARGET_NAME)";
				TEST_HOST = "$(BUNDLE_LOADER)";
				WRAPPER_EXTENSION = octest;
			};
			name = Release;
		};
/* End XCBuildConfiguration section */

/* Begin XCConfigurationList section */
		09C6B91A204A0F54007EAC26 /* Build configuration list for PBXProject "Discord Classic" */ = {
			isa = XCConfigurationList;
			buildConfigurations = (
				09C6B954204A0F55007EAC26 /* Debug */,
				09C6B955204A0F55007EAC26 /* Release */,
			);
			defaultConfigurationIsVisible = 0;
			defaultConfigurationName = Release;
		};
		09C6B956204A0F55007EAC26 /* Build configuration list for PBXNativeTarget "Discord Classic" */ = {
			isa = XCConfigurationList;
			buildConfigurations = (
				09C6B957204A0F55007EAC26 /* Debug */,
				09C6B958204A0F55007EAC26 /* Release */,
			);
			defaultConfigurationIsVisible = 0;
		};
		09C6B959204A0F55007EAC26 /* Build configuration list for PBXNativeTarget "Discord ClassicTests" */ = {
			isa = XCConfigurationList;
			buildConfigurations = (
				09C6B95A204A0F55007EAC26 /* Debug */,
				09C6B95B204A0F55007EAC26 /* Release */,
			);
			defaultConfigurationIsVisible = 0;
		};
/* End XCConfigurationList section */
	};
	rootObject = 09C6B917204A0F54007EAC26 /* Project object */;
}
